
Microsoft Visual Studio Solution File, Format Version 12.00
# Visual Studio Version 17
VisualStudioVersion = 17.0.32014.148
MinimumVisualStudioVersion = 10.0.40219.1
Project("{FAE04EC0-301F-11D3-BF4B-00C04F79EFBC}") = "LagrangeTheoremForNumbers", "LagrangeTheoremForNumbers\LagrangeTheoremForNumbers.csproj", "{7E702B43-0901-4347-B03F-DB3E0E993DDB}"
EndProject
Global
	GlobalSection(SolutionConfigurationPlatforms) = preSolution
		Debug|Any CPU = Debug|Any CPU
		Release|Any CPU = Release|Any CPU
	EndGlobalSection
	GlobalSection(ProjectConfigurationPlatforms) = postSolution
		{7E702B43-0901-4347-B03F-DB3E0E993DDB}.Debug|Any CPU.ActiveCfg = Debug|Any CPU
		{7E702B43-0901-4347-B03F-DB3E0E993DDB}.Debug|Any CPU.Build.0 = Debug|Any CPU
		{7E702B43-0901-4347-B03F-DB3E0E993DDB}.Release|Any CPU.ActiveCfg = Release|Any CPU
		{7E702B43-0901-4347-B03F-DB3E0E993DDB}.Release|Any CPU.Build.0 = Release|Any CPU
	EndGlobalSection
	GlobalSection(SolutionProperties) = preSolution
		HideSolutionNode = FALSE
	EndGlobalSection
	GlobalSection(ExtensibilityGlobals) = postSolution
		SolutionGuid = {D941EB34-4FCD-4DAA-94D1-B7ACFBD9A67F}
	EndGlobalSection
EndGlobal
